// !$*UTF8*$!
{
	archiveVersion = 1;
	classes = {
	};
	objectVersion = 46;
	objects = {

/* Begin PBXBuildFile section */
		2D17C00A18C0AC6F0029C9D0 /* Foundation.framework in Frameworks */ = {isa = PBXBuildFile; fileRef = 2D17C00918C0AC6F0029C9D0 /* Foundation.framework */; };
		2D17C00C18C0AC6F0029C9D0 /* CoreGraphics.framework in Frameworks */ = {isa = PBXBuildFile; fileRef = 2D17C00B18C0AC6F0029C9D0 /* CoreGraphics.framework */; };
		2D17C00E18C0AC6F0029C9D0 /* UIKit.framework in Frameworks */ = {isa = PBXBuildFile; fileRef = 2D17C00D18C0AC6F0029C9D0 /* UIKit.framework */; };
		2D17C01418C0AC6F0029C9D0 /* InfoPlist.strings in Resources */ = {isa = PBXBuildFile; fileRef = 2D17C01218C0AC6F0029C9D0 /* InfoPlist.strings */; };
		2D17C01618C0AC6F0029C9D0 /* main.m in Sources */ = {isa = PBXBuildFile; fileRef = 2D17C01518C0AC6F0029C9D0 /* main.m */; };
		2D17C01A18C0AC700029C9D0 /* AppDelegate.m in Sources */ = {isa = PBXBuildFile; fileRef = 2D17C01918C0AC700029C9D0 /* AppDelegate.m */; };
		2D17C01C18C0AC700029C9D0 /* Images.xcassets in Resources */ = {isa = PBXBuildFile; fileRef = 2D17C01B18C0AC700029C9D0 /* Images.xcassets */; };
		2D17C02318C0AC700029C9D0 /* XCTest.framework in Frameworks */ = {isa = PBXBuildFile; fileRef = 2D17C02218C0AC700029C9D0 /* XCTest.framework */; };
		2D17C02418C0AC700029C9D0 /* Foundation.framework in Frameworks */ = {isa = PBXBuildFile; fileRef = 2D17C00918C0AC6F0029C9D0 /* Foundation.framework */; };
		2D17C02518C0AC700029C9D0 /* UIKit.framework in Frameworks */ = {isa = PBXBuildFile; fileRef = 2D17C00D18C0AC6F0029C9D0 /* UIKit.framework */; };
		2D17C02D18C0AC700029C9D0 /* InfoPlist.strings in Resources */ = {isa = PBXBuildFile; fileRef = 2D17C02B18C0AC700029C9D0 /* InfoPlist.strings */; };
		2D17C02F18C0AC700029C9D0 /* SimpleWeatherTests.m in Sources */ = {isa = PBXBuildFile; fileRef = 2D17C02E18C0AC700029C9D0 /* SimpleWeatherTests.m */; };
		2D9F8CE618C0B5AA00ED9B39 /* WXController.m in Sources */ = {isa = PBXBuildFile; fileRef = 2D9F8CE518C0B5AA00ED9B39 /* WXController.m */; };
		2D9F8D0218C0B84F00ED9B39 /* bg.png in Resources */ = {isa = PBXBuildFile; fileRef = 2D9F8CE718C0B84F00ED9B39 /* bg.png */; };
		2D9F8D0318C0B84F00ED9B39 /* bg@2x.png in Resources */ = {isa = PBXBuildFile; fileRef = 2D9F8CE818C0B84F00ED9B39 /* bg@2x.png */; };
		2D9F8D0418C0B84F00ED9B39 /* weather-broken.png in Resources */ = {isa = PBXBuildFile; fileRef = 2D9F8CEA18C0B84F00ED9B39 /* weather-broken.png */; };
		2D9F8D0518C0B84F00ED9B39 /* weather-broken@2x.png in Resources */ = {isa = PBXBuildFile; fileRef = 2D9F8CEB18C0B84F00ED9B39 /* weather-broken@2x.png */; };
		2D9F8D0618C0B84F00ED9B39 /* weather-clear.png in Resources */ = {isa = PBXBuildFile; fileRef = 2D9F8CEC18C0B84F00ED9B39 /* weather-clear.png */; };
		2D9F8D0718C0B84F00ED9B39 /* weather-clear@2x.png in Resources */ = {isa = PBXBuildFile; fileRef = 2D9F8CED18C0B84F00ED9B39 /* weather-clear@2x.png */; };
		2D9F8D0818C0B84F00ED9B39 /* weather-few-night.png in Resources */ = {isa = PBXBuildFile; fileRef = 2D9F8CEE18C0B84F00ED9B39 /* weather-few-night.png */; };
		2D9F8D0918C0B84F00ED9B39 /* weather-few-night@2x.png in Resources */ = {isa = PBXBuildFile; fileRef = 2D9F8CEF18C0B84F00ED9B39 /* weather-few-night@2x.png */; };
		2D9F8D0A18C0B84F00ED9B39 /* weather-few.png in Resources */ = {isa = PBXBuildFile; fileRef = 2D9F8CF018C0B84F00ED9B39 /* weather-few.png */; };
		2D9F8D0B18C0B84F00ED9B39 /* weather-few@2x.png in Resources */ = {isa = PBXBuildFile; fileRef = 2D9F8CF118C0B84F00ED9B39 /* weather-few@2x.png */; };
		2D9F8D0C18C0B84F00ED9B39 /* weather-mist.png in Resources */ = {isa = PBXBuildFile; fileRef = 2D9F8CF218C0B84F00ED9B39 /* weather-mist.png */; };
		2D9F8D0D18C0B84F00ED9B39 /* weather-mist@2x.png in Resources */ = {isa = PBXBuildFile; fileRef = 2D9F8CF318C0B84F00ED9B39 /* weather-mist@2x.png */; };
		2D9F8D0E18C0B84F00ED9B39 /* weather-moon.png in Resources */ = {isa = PBXBuildFile; fileRef = 2D9F8CF418C0B84F00ED9B39 /* weather-moon.png */; };
		2D9F8D0F18C0B84F00ED9B39 /* weather-moon@2x.png in Resources */ = {isa = PBXBuildFile; fileRef = 2D9F8CF518C0B84F00ED9B39 /* weather-moon@2x.png */; };
		2D9F8D1018C0B84F00ED9B39 /* weather-rain-night.png in Resources */ = {isa = PBXBuildFile; fileRef = 2D9F8CF618C0B84F00ED9B39 /* weather-rain-night.png */; };
		2D9F8D1118C0B84F00ED9B39 /* weather-rain-night@2x.png in Resources */ = {isa = PBXBuildFile; fileRef = 2D9F8CF718C0B84F00ED9B39 /* weather-rain-night@2x.png */; };
		2D9F8D1218C0B84F00ED9B39 /* weather-rain.png in Resources */ = {isa = PBXBuildFile; fileRef = 2D9F8CF818C0B84F00ED9B39 /* weather-rain.png */; };
		2D9F8D1318C0B84F00ED9B39 /* weather-rain@2x.png in Resources */ = {isa = PBXBuildFile; fileRef = 2D9F8CF918C0B84F00ED9B39 /* weather-rain@2x.png */; };
		2D9F8D1418C0B84F00ED9B39 /* weather-scattered.png in Resources */ = {isa = PBXBuildFile; fileRef = 2D9F8CFA18C0B84F00ED9B39 /* weather-scattered.png */; };
		2D9F8D1518C0B84F00ED9B39 /* weather-scattered@2x.png in Resources */ = {isa = PBXBuildFile; fileRef = 2D9F8CFB18C0B84F00ED9B39 /* weather-scattered@2x.png */; };
		2D9F8D1618C0B84F00ED9B39 /* weather-shower.png in Resources */ = {isa = PBXBuildFile; fileRef = 2D9F8CFC18C0B84F00ED9B39 /* weather-shower.png */; };
		2D9F8D1718C0B84F00ED9B39 /* weather-shower@2x.png in Resources */ = {isa = PBXBuildFile; fileRef = 2D9F8CFD18C0B84F00ED9B39 /* weather-shower@2x.png */; };
		2D9F8D1818C0B84F00ED9B39 /* weather-snow.png in Resources */ = {isa = PBXBuildFile; fileRef = 2D9F8CFE18C0B84F00ED9B39 /* weather-snow.png */; };
		2D9F8D1918C0B84F00ED9B39 /* weather-snow@2x.png in Resources */ = {isa = PBXBuildFile; fileRef = 2D9F8CFF18C0B84F00ED9B39 /* weather-snow@2x.png */; };
		2D9F8D1A18C0B84F00ED9B39 /* weather-tstorm.png in Resources */ = {isa = PBXBuildFile; fileRef = 2D9F8D0018C0B84F00ED9B39 /* weather-tstorm.png */; };
		2D9F8D1B18C0B84F00ED9B39 /* weather-tstorm@2x.png in Resources */ = {isa = PBXBuildFile; fileRef = 2D9F8D0118C0B84F00ED9B39 /* weather-tstorm@2x.png */; };
		EB9D1F22D7424DF1A4882676 /* libPods.a in Frameworks */ = {isa = PBXBuildFile; fileRef = 0EEE0FEECB284E2C8739FEBE /* libPods.a */; };
/* End PBXBuildFile section */

/* Begin PBXContainerItemProxy section */
		2D17C02618C0AC700029C9D0 /* PBXContainerItemProxy */ = {
			isa = PBXContainerItemProxy;
			containerPortal = 2D17BFFE18C0AC6F0029C9D0 /* Project object */;
			proxyType = 1;
			remoteGlobalIDString = 2D17C00518C0AC6F0029C9D0;
			remoteInfo = SimpleWeather;
		};
/* End PBXContainerItemProxy section */

/* Begin PBXFileReference section */
		053286DD17C840518224F3B6 /* Pods.xcconfig */ = {isa = PBXFileReference; includeInIndex = 1; lastKnownFileType = text.xcconfig; name = Pods.xcconfig; path = Pods/Pods.xcconfig; sourceTree = "<group>"; };
		0EEE0FEECB284E2C8739FEBE /* libPods.a */ = {isa = PBXFileReference; explicitFileType = archive.ar; includeInIndex = 0; path = libPods.a; sourceTree = BUILT_PRODUCTS_DIR; };
		2D17C00618C0AC6F0029C9D0 /* SimpleWeather.app */ = {isa = PBXFileReference; explicitFileType = wrapper.application; includeInIndex = 0; path = SimpleWeather.app; sourceTree = BUILT_PRODUCTS_DIR; };
		2D17C00918C0AC6F0029C9D0 /* Foundation.framework */ = {isa = PBXFileReference; lastKnownFileType = wrapper.framework; name = Foundation.framework; path = System/Library/Frameworks/Foundation.framework; sourceTree = SDKROOT; };
		2D17C00B18C0AC6F0029C9D0 /* CoreGraphics.framework */ = {isa = PBXFileReference; lastKnownFileType = wrapper.framework; name = CoreGraphics.framework; path = System/Library/Frameworks/CoreGraphics.framework; sourceTree = SDKROOT; };
		2D17C00D18C0AC6F0029C9D0 /* UIKit.framework */ = {isa = PBXFileReference; lastKnownFileType = wrapper.framework; name = UIKit.framework; path = System/Library/Frameworks/UIKit.framework; sourceTree = SDKROOT; };
		2D17C01118C0AC6F0029C9D0 /* SimpleWeather-Info.plist */ = {isa = PBXFileReference; lastKnownFileType = text.plist.xml; path = "SimpleWeather-Info.plist"; sourceTree = "<group>"; };
		2D17C01318C0AC6F0029C9D0 /* en */ = {isa = PBXFileReference; lastKnownFileType = text.plist.strings; name = en; path = en.lproj/InfoPlist.strings; sourceTree = "<group>"; };
		2D17C01518C0AC6F0029C9D0 /* main.m */ = {isa = PBXFileReference; lastKnownFileType = sourcecode.c.objc; path = main.m; sourceTree = "<group>"; };
		2D17C01718C0AC6F0029C9D0 /* SimpleWeather-Prefix.pch */ = {isa = PBXFileReference; lastKnownFileType = sourcecode.c.h; path = "SimpleWeather-Prefix.pch"; sourceTree = "<group>"; };
		2D17C01818C0AC6F0029C9D0 /* AppDelegate.h */ = {isa = PBXFileReference; lastKnownFileType = sourcecode.c.h; path = AppDelegate.h; sourceTree = "<group>"; };
		2D17C01918C0AC700029C9D0 /* AppDelegate.m */ = {isa = PBXFileReference; lastKnownFileType = sourcecode.c.objc; path = AppDelegate.m; sourceTree = "<group>"; };
		2D17C01B18C0AC700029C9D0 /* Images.xcassets */ = {isa = PBXFileReference; lastKnownFileType = folder.assetcatalog; path = Images.xcassets; sourceTree = "<group>"; };
		2D17C02118C0AC700029C9D0 /* SimpleWeatherTests.xctest */ = {isa = PBXFileReference; explicitFileType = wrapper.cfbundle; includeInIndex = 0; path = SimpleWeatherTests.xctest; sourceTree = BUILT_PRODUCTS_DIR; };
		2D17C02218C0AC700029C9D0 /* XCTest.framework */ = {isa = PBXFileReference; lastKnownFileType = wrapper.framework; name = XCTest.framework; path = Library/Frameworks/XCTest.framework; sourceTree = DEVELOPER_DIR; };
		2D17C02A18C0AC700029C9D0 /* SimpleWeatherTests-Info.plist */ = {isa = PBXFileReference; lastKnownFileType = text.plist.xml; path = "SimpleWeatherTests-Info.plist"; sourceTree = "<group>"; };
		2D17C02C18C0AC700029C9D0 /* en */ = {isa = PBXFileReference; lastKnownFileType = text.plist.strings; name = en; path = en.lproj/InfoPlist.strings; sourceTree = "<group>"; };
		2D17C02E18C0AC700029C9D0 /* SimpleWeatherTests.m */ = {isa = PBXFileReference; lastKnownFileType = sourcecode.c.objc; path = SimpleWeatherTests.m; sourceTree = "<group>"; };
		2D9F8CE418C0B5AA00ED9B39 /* WXController.h */ = {isa = PBXFileReference; fileEncoding = 4; lastKnownFileType = sourcecode.c.h; path = WXController.h; sourceTree = "<group>"; };
		2D9F8CE518C0B5AA00ED9B39 /* WXController.m */ = {isa = PBXFileReference; fileEncoding = 4; lastKnownFileType = sourcecode.c.objc; path = WXController.m; sourceTree = "<group>"; };
		2D9F8CE718C0B84F00ED9B39 /* bg.png */ = {isa = PBXFileReference; lastKnownFileType = image.png; path = bg.png; sourceTree = "<group>"; };
		2D9F8CE818C0B84F00ED9B39 /* bg@2x.png */ = {isa = PBXFileReference; lastKnownFileType = image.png; path = "bg@2x.png"; sourceTree = "<group>"; };
		2D9F8CEA18C0B84F00ED9B39 /* weather-broken.png */ = {isa = PBXFileReference; lastKnownFileType = image.png; path = "weather-broken.png"; sourceTree = "<group>"; };
		2D9F8CEB18C0B84F00ED9B39 /* weather-broken@2x.png */ = {isa = PBXFileReference; lastKnownFileType = image.png; path = "weather-broken@2x.png"; sourceTree = "<group>"; };
		2D9F8CEC18C0B84F00ED9B39 /* weather-clear.png */ = {isa = PBXFileReference; lastKnownFileType = image.png; path = "weather-clear.png"; sourceTree = "<group>"; };
		2D9F8CED18C0B84F00ED9B39 /* weather-clear@2x.png */ = {isa = PBXFileReference; lastKnownFileType = image.png; path = "weather-clear@2x.png"; sourceTree = "<group>"; };
		2D9F8CEE18C0B84F00ED9B39 /* weather-few-night.png */ = {isa = PBXFileReference; lastKnownFileType = image.png; path = "weather-few-night.png"; sourceTree = "<group>"; };
		2D9F8CEF18C0B84F00ED9B39 /* weather-few-night@2x.png */ = {isa = PBXFileReference; lastKnownFileType = image.png; path = "weather-few-night@2x.png"; sourceTree = "<group>"; };
		2D9F8CF018C0B84F00ED9B39 /* weather-few.png */ = {isa = PBXFileReference; lastKnownFileType = image.png; path = "weather-few.png"; sourceTree = "<group>"; };
		2D9F8CF118C0B84F00ED9B39 /* weather-few@2x.png */ = {isa = PBXFileReference; lastKnownFileType = image.png; path = "weather-few@2x.png"; sourceTree = "<group>"; };
		2D9F8CF218C0B84F00ED9B39 /* weather-mist.png */ = {isa = PBXFileReference; lastKnownFileType = image.png; path = "weather-mist.png"; sourceTree = "<group>"; };
		2D9F8CF318C0B84F00ED9B39 /* weather-mist@2x.png */ = {isa = PBXFileReference; lastKnownFileType = image.png; path = "weather-mist@2x.png"; sourceTree = "<group>"; };
		2D9F8CF418C0B84F00ED9B39 /* weather-moon.png */ = {isa = PBXFileReference; lastKnownFileType = image.png; path = "weather-moon.png"; sourceTree = "<group>"; };
		2D9F8CF518C0B84F00ED9B39 /* weather-moon@2x.png */ = {isa = PBXFileReference; lastKnownFileType = image.png; path = "weather-moon@2x.png"; sourceTree = "<group>"; };
		2D9F8CF618C0B84F00ED9B39 /* weather-rain-night.png */ = {isa = PBXFileReference; lastKnownFileType = image.png; path = "weather-rain-night.png"; sourceTree = "<group>"; };
		2D9F8CF718C0B84F00ED9B39 /* weather-rain-night@2x.png */ = {isa = PBXFileReference; lastKnownFileType = image.png; path = "weather-rain-night@2x.png"; sourceTree = "<group>"; };
		2D9F8CF818C0B84F00ED9B39 /* weather-rain.png */ = {isa = PBXFileReference; lastKnownFileType = image.png; path = "weather-rain.png"; sourceTree = "<group>"; };
		2D9F8CF918C0B84F00ED9B39 /* weather-rain@2x.png */ = {isa = PBXFileReference; lastKnownFileType = image.png; path = "weather-rain@2x.png"; sourceTree = "<group>"; };
		2D9F8CFA18C0B84F00ED9B39 /* weather-scattered.png */ = {isa = PBXFileReference; lastKnownFileType = image.png; path = "weather-scattered.png"; sourceTree = "<group>"; };
		2D9F8CFB18C0B84F00ED9B39 /* weather-scattered@2x.png */ = {isa = PBXFileReference; lastKnownFileType = image.png; path = "weather-scattered@2x.png"; sourceTree = "<group>"; };
		2D9F8CFC18C0B84F00ED9B39 /* weather-shower.png */ = {isa = PBXFileReference; lastKnownFileType = image.png; path = "weather-shower.png"; sourceTree = "<group>"; };
		2D9F8CFD18C0B84F00ED9B39 /* weather-shower@2x.png */ = {isa = PBXFileReference; lastKnownFileType = image.png; path = "weather-shower@2x.png"; sourceTree = "<group>"; };
		2D9F8CFE18C0B84F00ED9B39 /* weather-snow.png */ = {isa = PBXFileReference; lastKnownFileType = image.png; path = "weather-snow.png"; sourceTree = "<group>"; };
		2D9F8CFF18C0B84F00ED9B39 /* weather-snow@2x.png */ = {isa = PBXFileReference; lastKnownFileType = image.png; path = "weather-snow@2x.png"; sourceTree = "<group>"; };
		2D9F8D0018C0B84F00ED9B39 /* weather-tstorm.png */ = {isa = PBXFileReference; lastKnownFileType = image.png; path = "weather-tstorm.png"; sourceTree = "<group>"; };
		2D9F8D0118C0B84F00ED9B39 /* weather-tstorm@2x.png */ = {isa = PBXFileReference; lastKnownFileType = image.png; path = "weather-tstorm@2x.png"; sourceTree = "<group>"; };
/* End PBXFileReference section */

/* Begin PBXFrameworksBuildPhase section */
		2D17C00318C0AC6F0029C9D0 /* Frameworks */ = {
			isa = PBXFrameworksBuildPhase;
			buildActionMask = 2147483647;
			files = (
				2D17C00C18C0AC6F0029C9D0 /* CoreGraphics.framework in Frameworks */,
				2D17C00E18C0AC6F0029C9D0 /* UIKit.framework in Frameworks */,
				2D17C00A18C0AC6F0029C9D0 /* Foundation.framework in Frameworks */,
				EB9D1F22D7424DF1A4882676 /* libPods.a in Frameworks */,
			);
			runOnlyForDeploymentPostprocessing = 0;
		};
		2D17C01E18C0AC700029C9D0 /* Frameworks */ = {
			isa = PBXFrameworksBuildPhase;
			buildActionMask = 2147483647;
			files = (
				2D17C02318C0AC700029C9D0 /* XCTest.framework in Frameworks */,
				2D17C02518C0AC700029C9D0 /* UIKit.framework in Frameworks */,
				2D17C02418C0AC700029C9D0 /* Foundation.framework in Frameworks */,
			);
			runOnlyForDeploymentPostprocessing = 0;
		};
/* End PBXFrameworksBuildPhase section */

/* Begin PBXGroup section */
		2D17BFFD18C0AC6F0029C9D0 = {
			isa = PBXGroup;
			children = (
				2D17C00F18C0AC6F0029C9D0 /* SimpleWeather */,
				2D17C02818C0AC700029C9D0 /* SimpleWeatherTests */,
				2D17C00818C0AC6F0029C9D0 /* Frameworks */,
				2D17C00718C0AC6F0029C9D0 /* Products */,
				053286DD17C840518224F3B6 /* Pods.xcconfig */,
			);
			sourceTree = "<group>";
		};
		2D17C00718C0AC6F0029C9D0 /* Products */ = {
			isa = PBXGroup;
			children = (
				2D17C00618C0AC6F0029C9D0 /* SimpleWeather.app */,
				2D17C02118C0AC700029C9D0 /* SimpleWeatherTests.xctest */,
			);
			name = Products;
			sourceTree = "<group>";
		};
		2D17C00818C0AC6F0029C9D0 /* Frameworks */ = {
			isa = PBXGroup;
			children = (
				2D17C00918C0AC6F0029C9D0 /* Foundation.framework */,
				2D17C00B18C0AC6F0029C9D0 /* CoreGraphics.framework */,
				2D17C00D18C0AC6F0029C9D0 /* UIKit.framework */,
				2D17C02218C0AC700029C9D0 /* XCTest.framework */,
				0EEE0FEECB284E2C8739FEBE /* libPods.a */,
			);
			name = Frameworks;
			sourceTree = "<group>";
		};
		2D17C00F18C0AC6F0029C9D0 /* SimpleWeather */ = {
			isa = PBXGroup;
			children = (
				2D17C01818C0AC6F0029C9D0 /* AppDelegate.h */,
				2D17C01918C0AC700029C9D0 /* AppDelegate.m */,
				2D9F8CE418C0B5AA00ED9B39 /* WXController.h */,
				2D9F8CE518C0B5AA00ED9B39 /* WXController.m */,
				2D17C01B18C0AC700029C9D0 /* Images.xcassets */,
				2D17C01018C0AC6F0029C9D0 /* Supporting Files */,
			);
			path = SimpleWeather;
			sourceTree = "<group>";
		};
		2D17C01018C0AC6F0029C9D0 /* Supporting Files */ = {
			isa = PBXGroup;
			children = (
				2D9F8CE718C0B84F00ED9B39 /* bg.png */,
				2D9F8CE818C0B84F00ED9B39 /* bg@2x.png */,
				2D9F8CE918C0B84F00ED9B39 /* Weather Icons */,
				2D17C01118C0AC6F0029C9D0 /* SimpleWeather-Info.plist */,
				2D17C01218C0AC6F0029C9D0 /* InfoPlist.strings */,
				2D17C01518C0AC6F0029C9D0 /* main.m */,
				2D17C01718C0AC6F0029C9D0 /* SimpleWeather-Prefix.pch */,
			);
			name = "Supporting Files";
			sourceTree = "<group>";
		};
		2D17C02818C0AC700029C9D0 /* SimpleWeatherTests */ = {
			isa = PBXGroup;
			children = (
				2D17C02E18C0AC700029C9D0 /* SimpleWeatherTests.m */,
				2D17C02918C0AC700029C9D0 /* Supporting Files */,
			);
			path = SimpleWeatherTests;
			sourceTree = "<group>";
		};
		2D17C02918C0AC700029C9D0 /* Supporting Files */ = {
			isa = PBXGroup;
			children = (
				2D17C02A18C0AC700029C9D0 /* SimpleWeatherTests-Info.plist */,
				2D17C02B18C0AC700029C9D0 /* InfoPlist.strings */,
			);
			name = "Supporting Files";
			sourceTree = "<group>";
		};
		2D9F8CE918C0B84F00ED9B39 /* Weather Icons */ = {
			isa = PBXGroup;
			children = (
				2D9F8CEA18C0B84F00ED9B39 /* weather-broken.png */,
				2D9F8CEB18C0B84F00ED9B39 /* weather-broken@2x.png */,
				2D9F8CEC18C0B84F00ED9B39 /* weather-clear.png */,
				2D9F8CED18C0B84F00ED9B39 /* weather-clear@2x.png */,
				2D9F8CEE18C0B84F00ED9B39 /* weather-few-night.png */,
				2D9F8CEF18C0B84F00ED9B39 /* weather-few-night@2x.png */,
				2D9F8CF018C0B84F00ED9B39 /* weather-few.png */,
				2D9F8CF118C0B84F00ED9B39 /* weather-few@2x.png */,
				2D9F8CF218C0B84F00ED9B39 /* weather-mist.png */,
				2D9F8CF318C0B84F00ED9B39 /* weather-mist@2x.png */,
				2D9F8CF418C0B84F00ED9B39 /* weather-moon.png */,
				2D9F8CF518C0B84F00ED9B39 /* weather-moon@2x.png */,
				2D9F8CF618C0B84F00ED9B39 /* weather-rain-night.png */,
				2D9F8CF718C0B84F00ED9B39 /* weather-rain-night@2x.png */,
				2D9F8CF818C0B84F00ED9B39 /* weather-rain.png */,
				2D9F8CF918C0B84F00ED9B39 /* weather-rain@2x.png */,
				2D9F8CFA18C0B84F00ED9B39 /* weather-scattered.png */,
				2D9F8CFB18C0B84F00ED9B39 /* weather-scattered@2x.png */,
				2D9F8CFC18C0B84F00ED9B39 /* weather-shower.png */,
				2D9F8CFD18C0B84F00ED9B39 /* weather-shower@2x.png */,
				2D9F8CFE18C0B84F00ED9B39 /* weather-snow.png */,
				2D9F8CFF18C0B84F00ED9B39 /* weather-snow@2x.png */,
				2D9F8D0018C0B84F00ED9B39 /* weather-tstorm.png */,
				2D9F8D0118C0B84F00ED9B39 /* weather-tstorm@2x.png */,
			);
			path = "Weather Icons";
			sourceTree = "<group>";
		};
/* End PBXGroup section */

/* Begin PBXNativeTarget section */
		2D17C00518C0AC6F0029C9D0 /* SimpleWeather */ = {
			isa = PBXNativeTarget;
			buildConfigurationList = 2D17C03218C0AC700029C9D0 /* Build configuration list for PBXNativeTarget "SimpleWeather" */;
			buildPhases = (
				0DEDDA899DCB45E786ABB61A /* Check Pods Manifest.lock */,
				2D17C00218C0AC6F0029C9D0 /* Sources */,
				2D17C00318C0AC6F0029C9D0 /* Frameworks */,
				2D17C00418C0AC6F0029C9D0 /* Resources */,
				72B26F79441042BD9BB6E0B5 /* Copy Pods Resources */,
			);
			buildRules = (
			);
			dependencies = (
			);
			name = SimpleWeather;
			productName = SimpleWeather;
			productReference = 2D17C00618C0AC6F0029C9D0 /* SimpleWeather.app */;
			productType = "com.apple.product-type.application";
		};
		2D17C02018C0AC700029C9D0 /* SimpleWeatherTests */ = {
			isa = PBXNativeTarget;
			buildConfigurationList = 2D17C03518C0AC700029C9D0 /* Build configuration list for PBXNativeTarget "SimpleWeatherTests" */;
			buildPhases = (
				2D17C01D18C0AC700029C9D0 /* Sources */,
				2D17C01E18C0AC700029C9D0 /* Frameworks */,
				2D17C01F18C0AC700029C9D0 /* Resources */,
			);
			buildRules = (
			);
			dependencies = (
				2D17C02718C0AC700029C9D0 /* PBXTargetDependency */,
			);
			name = SimpleWeatherTests;
			productName = SimpleWeatherTests;
			productReference = 2D17C02118C0AC700029C9D0 /* SimpleWeatherTests.xctest */;
			productType = "com.apple.product-type.bundle.unit-test";
		};
/* End PBXNativeTarget section */

/* Begin PBXProject section */
		2D17BFFE18C0AC6F0029C9D0 /* Project object */ = {
			isa = PBXProject;
			attributes = {
				LastUpgradeCheck = 0500;
				ORGANIZATIONNAME = Yin;
				TargetAttributes = {
					2D17C02018C0AC700029C9D0 = {
						TestTargetID = 2D17C00518C0AC6F0029C9D0;
					};
				};
			};
			buildConfigurationList = 2D17C00118C0AC6F0029C9D0 /* Build configuration list for PBXProject "SimpleWeather" */;
			compatibilityVersion = "Xcode 3.2";
			developmentRegion = English;
			hasScannedForEncodings = 0;
			knownRegions = (
				en,
			);
			mainGroup = 2D17BFFD18C0AC6F0029C9D0;
			productRefGroup = 2D17C00718C0AC6F0029C9D0 /* Products */;
			projectDirPath = "";
			projectRoot = "";
			targets = (
				2D17C00518C0AC6F0029C9D0 /* SimpleWeather */,
				2D17C02018C0AC700029C9D0 /* SimpleWeatherTests */,
			);
		};
/* End PBXProject section */

/* Begin PBXResourcesBuildPhase section */
		2D17C00418C0AC6F0029C9D0 /* Resources */ = {
			isa = PBXResourcesBuildPhase;
			buildActionMask = 2147483647;
			files = (
				2D9F8D1B18C0B84F00ED9B39 /* weather-tstorm@2x.png in Resources */,
				2D9F8D0418C0B84F00ED9B39 /* weather-broken.png in Resources */,
				2D9F8D0818C0B84F00ED9B39 /* weather-few-night.png in Resources */,
				2D9F8D0618C0B84F00ED9B39 /* weather-clear.png in Resources */,
				2D9F8D1518C0B84F00ED9B39 /* weather-scattered@2x.png in Resources */,
				2D9F8D1318C0B84F00ED9B39 /* weather-rain@2x.png in Resources */,
				2D9F8D0918C0B84F00ED9B39 /* weather-few-night@2x.png in Resources */,
				2D9F8D0C18C0B84F00ED9B39 /* weather-mist.png in Resources */,
				2D9F8D1818C0B84F00ED9B39 /* weather-snow.png in Resources */,
				2D9F8D1218C0B84F00ED9B39 /* weather-rain.png in Resources */,
				2D9F8D1018C0B84F00ED9B39 /* weather-rain-night.png in Resources */,
				2D17C01418C0AC6F0029C9D0 /* InfoPlist.strings in Resources */,
				2D9F8D0F18C0B84F00ED9B39 /* weather-moon@2x.png in Resources */,
				2D9F8D0D18C0B84F00ED9B39 /* weather-mist@2x.png in Resources */,
				2D9F8D1A18C0B84F00ED9B39 /* weather-tstorm.png in Resources */,
				2D9F8D1618C0B84F00ED9B39 /* weather-shower.png in Resources */,
				2D9F8D0E18C0B84F00ED9B39 /* weather-moon.png in Resources */,
				2D9F8D1118C0B84F00ED9B39 /* weather-rain-night@2x.png in Resources */,
				2D9F8D1918C0B84F00ED9B39 /* weather-snow@2x.png in Resources */,
				2D9F8D1718C0B84F00ED9B39 /* weather-shower@2x.png in Resources */,
				2D9F8D0A18C0B84F00ED9B39 /* weather-few.png in Resources */,
				2D9F8D0B18C0B84F00ED9B39 /* weather-few@2x.png in Resources */,
				2D9F8D0518C0B84F00ED9B39 /* weather-broken@2x.png in Resources */,
				2D17C01C18C0AC700029C9D0 /* Images.xcassets in Resources */,
				2D9F8D1418C0B84F00ED9B39 /* weather-scattered.png in Resources */,
				2D9F8D0718C0B84F00ED9B39 /* weather-clear@2x.png in Resources */,
				2D9F8D0218C0B84F00ED9B39 /* bg.png in Resources */,
				2D9F8D0318C0B84F00ED9B39 /* bg@2x.png in Resources */,
			);
			runOnlyForDeploymentPostprocessing = 0;
		};
		2D17C01F18C0AC700029C9D0 /* Resources */ = {
			isa = PBXResourcesBuildPhase;
			buildActionMask = 2147483647;
			files = (
				2D17C02D18C0AC700029C9D0 /* InfoPlist.strings in Resources */,
			);
			runOnlyForDeploymentPostprocessing = 0;
		};
/* End PBXResourcesBuildPhase section */

/* Begin PBXShellScriptBuildPhase section */
		0DEDDA899DCB45E786ABB61A /* Check Pods Manifest.lock */ = {
			isa = PBXShellScriptBuildPhase;
			buildActionMask = 2147483647;
			files = (
			);
			inputPaths = (
			);
			name = "Check Pods Manifest.lock";
			outputPaths = (
			);
			runOnlyForDeploymentPostprocessing = 0;
			shellPath = /bin/sh;
			shellScript = "diff \"${PODS_ROOT}/../Podfile.lock\" \"${PODS_ROOT}/Manifest.lock\" > /dev/null\nif [[ $? != 0 ]] ; then\n    cat << EOM\nerror: The sandbox is not in sync with the Podfile.lock. Run 'pod install' or update your CocoaPods installation.\nEOM\n    exit 1\nfi\n";
			showEnvVarsInLog = 0;
		};
		72B26F79441042BD9BB6E0B5 /* Copy Pods Resources */ = {
			isa = PBXShellScriptBuildPhase;
			buildActionMask = 2147483647;
			files = (
			);
			inputPaths = (
			);
			name = "Copy Pods Resources";
			outputPaths = (
			);
			runOnlyForDeploymentPostprocessing = 0;
			shellPath = /bin/sh;
			shellScript = "\"${SRCROOT}/Pods/Pods-resources.sh\"\n";
			showEnvVarsInLog = 0;
		};
/* End PBXShellScriptBuildPhase section */

/* Begin PBXSourcesBuildPhase section */
		2D17C00218C0AC6F0029C9D0 /* Sources */ = {
			isa = PBXSourcesBuildPhase;
			buildActionMask = 2147483647;
			files = (
				2D17C01A18C0AC700029C9D0 /* AppDelegate.m in Sources */,
				2D17C01618C0AC6F0029C9D0 /* main.m in Sources */,
				2D9F8CE618C0B5AA00ED9B39 /* WXController.m in Sources */,
			);
			runOnlyForDeploymentPostprocessing = 0;
		};
		2D17C01D18C0AC700029C9D0 /* Sources */ = {
			isa = PBXSourcesBuildPhase;
			buildActionMask = 2147483647;
			files = (
				2D17C02F18C0AC700029C9D0 /* SimpleWeatherTests.m in Sources */,
			);
			runOnlyForDeploymentPostprocessing = 0;
		};
/* End PBXSourcesBuildPhase section */

/* Begin PBXTargetDependency section */
		2D17C02718C0AC700029C9D0 /* PBXTargetDependency */ = {
			isa = PBXTargetDependency;
			target = 2D17C00518C0AC6F0029C9D0 /* SimpleWeather */;
			targetProxy = 2D17C02618C0AC700029C9D0 /* PBXContainerItemProxy */;
		};
/* End PBXTargetDependency section */

/* Begin PBXVariantGroup section */
		2D17C01218C0AC6F0029C9D0 /* InfoPlist.strings */ = {
			isa = PBXVariantGroup;
			children = (
				2D17C01318C0AC6F0029C9D0 /* en */,
			);
			name = InfoPlist.strings;
			sourceTree = "<group>";
		};
		2D17C02B18C0AC700029C9D0 /* InfoPlist.strings */ = {
			isa = PBXVariantGroup;
			children = (
				2D17C02C18C0AC700029C9D0 /* en */,
			);
			name = InfoPlist.strings;
			sourceTree = "<group>";
		};
/* End PBXVariantGroup section */

/* Begin XCBuildConfiguration section */
		2D17C03018C0AC700029C9D0 /* Debug */ = {
			isa = XCBuildConfiguration;
			buildSettings = {
				ALWAYS_SEARCH_USER_PATHS = NO;
				ARCHS = "$(ARCHS_STANDARD_INCLUDING_64_BIT)";
				CLANG_CXX_LANGUAGE_STANDARD = "gnu++0x";
				CLANG_CXX_LIBRARY = "libc++";
				CLANG_ENABLE_MODULES = YES;
				CLANG_ENABLE_OBJC_ARC = YES;
				CLANG_WARN_BOOL_CONVERSION = YES;
				CLANG_WARN_CONSTANT_CONVERSION = YES;
				CLANG_WARN_DIRECT_OBJC_ISA_USAGE = YES_ERROR;
				CLANG_WARN_EMPTY_BODY = YES;
				CLANG_WARN_ENUM_CONVERSION = YES;
				CLANG_WARN_INT_CONVERSION = YES;
				CLANG_WARN_OBJC_ROOT_CLASS = YES_ERROR;
				CLANG_WARN__DUPLICATE_METHOD_MATCH = YES;
				"CODE_SIGN_IDENTITY[sdk=iphoneos*]" = "iPhone Developer";
				COPY_PHASE_STRIP = NO;
				GCC_C_LANGUAGE_STANDARD = gnu99;
				GCC_DYNAMIC_NO_PIC = NO;
				GCC_OPTIMIZATION_LEVEL = 0;
				GCC_PREPROCESSOR_DEFINITIONS = (
					"DEBUG=1",
					"$(inherited)",
				);
				GCC_SYMBOLS_PRIVATE_EXTERN = NO;
				GCC_WARN_64_TO_32_BIT_CONVERSION = YES;
				GCC_WARN_ABOUT_RETURN_TYPE = YES_ERROR;
				GCC_WARN_UNDECLARED_SELECTOR = YES;
				GCC_WARN_UNINITIALIZED_AUTOS = YES;
				GCC_WARN_UNUSED_FUNCTION = YES;
				GCC_WARN_UNUSED_VARIABLE = YES;
				IPHONEOS_DEPLOYMENT_TARGET = 7.0;
				ONLY_ACTIVE_ARCH = YES;
				SDKROOT = iphoneos;
			};
			name = Debug;
		};
		2D17C03118C0AC700029C9D0 /* Release */ = {
			isa = XCBuildConfiguration;
			buildSettings = {
				ALWAYS_SEARCH_USER_PATHS = NO;
				ARCHS = "$(ARCHS_STANDARD_INCLUDING_64_BIT)";
				CLANG_CXX_LANGUAGE_STANDARD = "gnu++0x";
				CLANG_CXX_LIBRARY = "libc++";
				CLANG_ENABLE_MODULES = YES;
				CLANG_ENABLE_OBJC_ARC = YES;
				CLANG_WARN_BOOL_CONVERSION = YES;
				CLANG_WARN_CONSTANT_CONVERSION = YES;
				CLANG_WARN_DIRECT_OBJC_ISA_USAGE = YES_ERROR;
				CLANG_WARN_EMPTY_BODY = YES;
				CLANG_WARN_ENUM_CONVERSION = YES;
				CLANG_WARN_INT_CONVERSION = YES;
				CLANG_WARN_OBJC_ROOT_CLASS = YES_ERROR;
				CLANG_WARN__DUPLICATE_METHOD_MATCH = YES;
				"CODE_SIGN_IDENTITY[sdk=iphoneos*]" = "iPhone Developer";
				COPY_PHASE_STRIP = YES;
				ENABLE_NS_ASSERTIONS = NO;
				GCC_C_LANGUAGE_STANDARD = gnu99;
				GCC_WARN_64_TO_32_BIT_CONVERSION = YES;
				GCC_WARN_ABOUT_RETURN_TYPE = YES_ERROR;
				GCC_WARN_UNDECLARED_SELECTOR = YES;
				GCC_WARN_UNINITIALIZED_AUTOS = YES;
				GCC_WARN_UNUSED_FUNCTION = YES;
				GCC_WARN_UNUSED_VARIABLE = YES;
				IPHONEOS_DEPLOYMENT_TARGET = 7.0;
				SDKROOT = iphoneos;
				VALIDATE_PRODUCT = YES;
			};
			name = Release;
		};
		2D17C03318C0AC700029C9D0 /* Debug */ = {
			isa = XCBuildConfiguration;
			baseConfigurationReference = 053286DD17C840518224F3B6 /* Pods.xcconfig */;
			buildSettings = {
				ASSETCATALOG_COMPILER_APPICON_NAME = AppIcon;
				ASSETCATALOG_COMPILER_LAUNCHIMAGE_NAME = LaunchImage;
				GCC_PRECOMPILE_PREFIX_HEADER = YES;
				GCC_PREFIX_HEADER = "SimpleWeather/SimpleWeather-Prefix.pch";
				INFOPLIST_FILE = "SimpleWeather/SimpleWeather-Info.plist";
				PRODUCT_NAME = "$(TARGET_NAME)";
				WRAPPER_EXTENSION = app;
			};
			name = Debug;
		};
		2D17C03418C0AC700029C9D0 /* Release */ = {
			isa = XCBuildConfiguration;
			baseConfigurationReference = 053286DD17C840518224F3B6 /* Pods.xcconfig */;
			buildSettings = {
				ASSETCATALOG_COMPILER_APPICON_NAME = AppIcon;
				ASSETCATALOG_COMPILER_LAUNCHIMAGE_NAME = LaunchImage;
				GCC_PRECOMPILE_PREFIX_HEADER = YES;
				GCC_PREFIX_HEADER = "SimpleWeather/SimpleWeather-Prefix.pch";
				INFOPLIST_FILE = "SimpleWeather/SimpleWeather-Info.plist";
				PRODUCT_NAME = "$(TARGET_NAME)";
				WRAPPER_EXTENSION = app;
			};
			name = Release;
		};
		2D17C03618C0AC700029C9D0 /* Debug */ = {
			isa = XCBuildConfiguration;
			buildSettings = {
				ARCHS = "$(ARCHS_STANDARD_INCLUDING_64_BIT)";
				BUNDLE_LOADER = "$(BUILT_PRODUCTS_DIR)/SimpleWeather.app/SimpleWeather";
				FRAMEWORK_SEARCH_PATHS = (
					"$(SDKROOT)/Developer/Library/Frameworks",
					"$(inherited)",
					"$(DEVELOPER_FRAMEWORKS_DIR)",
				);
				GCC_PRECOMPILE_PREFIX_HEADER = YES;
				GCC_PREFIX_HEADER = "SimpleWeather/SimpleWeather-Prefix.pch";
				GCC_PREPROCESSOR_DEFINITIONS = (
					"DEBUG=1",
					"$(inherited)",
				);
				INFOPLIST_FILE = "SimpleWeatherTests/SimpleWeatherTests-Info.plist";
				PRODUCT_NAME = "$(TARGET_NAME)";
				TEST_HOST = "$(BUNDLE_LOADER)";
				WRAPPER_EXTENSION = xctest;
			};
			name = Debug;
		};
		2D17C03718C0AC700029C9D0 /* Release */ = {
			isa = XCBuildConfiguration;
			buildSettings = {
				ARCHS = "$(ARCHS_STANDARD_INCLUDING_64_BIT)";
				BUNDLE_LOADER = "$(BUILT_PRODUCTS_DIR)/SimpleWeather.app/SimpleWeather";
				FRAMEWORK_SEARCH_PATHS = (
					"$(SDKROOT)/Developer/Library/Frameworks",
					"$(inherited)",
					"$(DEVELOPER_FRAMEWORKS_DIR)",
				);
				GCC_PRECOMPILE_PREFIX_HEADER = YES;
				GCC_PREFIX_HEADER = "SimpleWeather/SimpleWeather-Prefix.pch";
				INFOPLIST_FILE = "SimpleWeatherTests/SimpleWeatherTests-Info.plist";
				PRODUCT_NAME = "$(TARGET_NAME)";
				TEST_HOST = "$(BUNDLE_LOADER)";
				WRAPPER_EXTENSION = xctest;
			};
			name = Release;
		};
/* End XCBuildConfiguration section */

/* Begin XCConfigurationList section */
		2D17C00118C0AC6F0029C9D0 /* Build configuration list for PBXProject "SimpleWeather" */ = {
			isa = XCConfigurationList;
			buildConfigurations = (
				2D17C03018C0AC700029C9D0 /* Debug */,
				2D17C03118C0AC700029C9D0 /* Release */,
			);
			defaultConfigurationIsVisible = 0;
			defaultConfigurationName = Release;
		};
		2D17C03218C0AC700029C9D0 /* Build configuration list for PBXNativeTarget "SimpleWeather" */ = {
			isa = XCConfigurationList;
			buildConfigurations = (
				2D17C03318C0AC700029C9D0 /* Debug */,
				2D17C03418C0AC700029C9D0 /* Release */,
			);
			defaultConfigurationIsVisible = 0;
			defaultConfigurationName = Release;
		};
		2D17C03518C0AC700029C9D0 /* Build configuration list for PBXNativeTarget "SimpleWeatherTests" */ = {
			isa = XCConfigurationList;
			buildConfigurations = (
				2D17C03618C0AC700029C9D0 /* Debug */,
				2D17C03718C0AC700029C9D0 /* Release */,
			);
			defaultConfigurationIsVisible = 0;
			defaultConfigurationName = Release;
		};
/* End XCConfigurationList section */
	};
	rootObject = 2D17BFFE18C0AC6F0029C9D0 /* Project object */;
}
